
Microsoft Visual Studio Solution File, Format Version 12.00
# Visual Studio Version 17
VisualStudioVersion = 17.6.33815.320
MinimumVisualStudioVersion = 10.0.40219.1
Project("{FAE04EC0-301F-11D3-BF4B-00C04F79EFBC}") = "bai_tap_phan_chuoi", "bai_tap_phan_chuoi\bai_tap_phan_chuoi.csproj", "{87F0EF3A-9945-456A-A56D-9536A0727140}"
EndProject
Global
	GlobalSection(SolutionConfigurationPlatforms) = preSolution
		Debug|Any CPU = Debug|Any CPU
		Release|Any CPU = Release|Any CPU
	EndGlobalSection
	GlobalSection(ProjectConfigurationPlatforms) = postSolution
		{87F0EF3A-9945-456A-A56D-9536A0727140}.Debug|Any CPU.ActiveCfg = Debug|Any CPU
		{87F0EF3A-9945-456A-A56D-9536A0727140}.Debug|Any CPU.Build.0 = Debug|Any CPU
		{87F0EF3A-9945-456A-A56D-9536A0727140}.Release|Any CPU.ActiveCfg = Release|Any CPU
		{87F0EF3A-9945-456A-A56D-9536A0727140}.Release|Any CPU.Build.0 = Release|Any CPU
	EndGlobalSection
	GlobalSection(SolutionProperties) = preSolution
		HideSolutionNode = FALSE
	EndGlobalSection
	GlobalSection(ExtensibilityGlobals) = postSolution
		SolutionGuid = {01AA18B8-7C1F-4F2B-9BFB-B2C0FBC275C0}
	EndGlobalSection
EndGlobal
